# This file is autogenerated, do not edit; changes may be undone by the next 'dep ensure'.


[[projects]]
  branch = "master"
  name = "github.com/fabiokung/shm"
  packages = ["."]
  revision = "2852b0d79bae144a3e2f0f927b195024c83afc7c"

[solve-meta]
  analyzer-name = "dep"
  analyzer-version = 1
  inputs-digest = "631e6e04ec546c3f6174fe9d982467cb63c03a76963f5ca499639ba654061465"
  solver-name = "gps-cdcl"
  solver-version = 1
